
Microsoft Visual Studio Solution File, Format Version 12.00
# Visual Studio Version 17
VisualStudioVersion = 17.6.33815.320
MinimumVisualStudioVersion = 10.0.40219.1
Project("{FAE04EC0-301F-11D3-BF4B-00C04F79EFBC}") = "APICLass", "APICLass.csproj", "{91B54C69-A0FD-4948-969A-DA7D9BEA938D}"
EndProject
Global
	GlobalSection(SolutionConfigurationPlatforms) = preSolution
		Debug|Any CPU = Debug|Any CPU
		Release|Any CPU = Release|Any CPU
	EndGlobalSection
	GlobalSection(ProjectConfigurationPlatforms) = postSolution
		{91B54C69-A0FD-4948-969A-DA7D9BEA938D}.Debug|Any CPU.ActiveCfg = Debug|Any CPU
		{91B54C69-A0FD-4948-969A-DA7D9BEA938D}.Debug|Any CPU.Build.0 = Debug|Any CPU
		{91B54C69-A0FD-4948-969A-DA7D9BEA938D}.Release|Any CPU.ActiveCfg = Release|Any CPU
		{91B54C69-A0FD-4948-969A-DA7D9BEA938D}.Release|Any CPU.Build.0 = Release|Any CPU
	EndGlobalSection
	GlobalSection(SolutionProperties) = preSolution
		HideSolutionNode = FALSE
	EndGlobalSection
	GlobalSection(ExtensibilityGlobals) = postSolution
		SolutionGuid = {416D7E6D-B650-4CD8-ADE1-0DF565B058FA}
	EndGlobalSection
EndGlobal
